Microsoft Visual Studio Solution File, Format Version 11.00
# Visual Studio 2010
Project("{FAE04EC0-301F-11D3-BF4B-00C04F79EFBC}") = "onehand shooter", "Assembly-CSharp.csproj", "{056D9CD0-0363-38D9-9F52-E7249B9C4498}"
EndProject
Project("{FAE04EC0-301F-11D3-BF4B-00C04F79EFBC}") = "onehand shooter", "Assembly-CSharp-Editor.csproj", "{FC8E17E7-33BB-F3A5-3408-A1F05EB555DA}"
EndProject
Global
	GlobalSection(SolutionConfigurationPlatforms) = preSolution
		Debug|Any CPU = Debug|Any CPU
		Release|Any CPU = Release|Any CPU
	EndGlobalSection
	GlobalSection(ProjectConfigurationPlatforms) = postSolution
		{056D9CD0-0363-38D9-9F52-E7249B9C4498}.Debug|Any CPU.ActiveCfg = Debug|Any CPU
		{056D9CD0-0363-38D9-9F52-E7249B9C4498}.Debug|Any CPU.Build.0 = Debug|Any CPU
		{056D9CD0-0363-38D9-9F52-E7249B9C4498}.Release|Any CPU.ActiveCfg = Release|Any CPU
		{056D9CD0-0363-38D9-9F52-E7249B9C4498}.Release|Any CPU.Build.0 = Release|Any CPU
		{FC8E17E7-33BB-F3A5-3408-A1F05EB555DA}.Debug|Any CPU.ActiveCfg = Debug|Any CPU
		{FC8E17E7-33BB-F3A5-3408-A1F05EB555DA}.Debug|Any CPU.Build.0 = Debug|Any CPU
		{FC8E17E7-33BB-F3A5-3408-A1F05EB555DA}.Release|Any CPU.ActiveCfg = Release|Any CPU
		{FC8E17E7-33BB-F3A5-3408-A1F05EB555DA}.Release|Any CPU.Build.0 = Release|Any CPU
	EndGlobalSection
	GlobalSection(MonoDevelopProperties) = preSolution
		StartupItem = Assembly-CSharp.csproj
	EndGlobalSection
EndGlobal
